
Microsoft Visual Studio Solution File, Format Version 12.00
# Visual Studio Version 16
VisualStudioVersion = 16.0.31129.286
MinimumVisualStudioVersion = 10.0.40219.1
Project("{FAE04EC0-301F-11D3-BF4B-00C04F79EFBC}") = "Chp01.BasicClass", "Chp01.BasicClass\Chp01.BasicClass.csproj", "{8875ECD0-DB6F-4199-BDED-F21D37C52123}"
EndProject
Project("{FAE04EC0-301F-11D3-BF4B-00C04F79EFBC}") = "chp02.Constructor", "chp02.Constructor\chp02.Constructor.csproj", "{5F463176-628E-4C36-9A20-EDE49494763A}"
EndProject
Project("{FAE04EC0-301F-11D3-BF4B-00C04F79EFBC}") = "chp03.Global", "chp03.Global\chp03.Global.csproj", "{F2E21DC2-CEBE-49C6-984D-F9A68C7DFD2E}"
EndProject
Global
	GlobalSection(SolutionConfigurationPlatforms) = preSolution
		Debug|Any CPU = Debug|Any CPU
		Release|Any CPU = Release|Any CPU
	EndGlobalSection
	GlobalSection(ProjectConfigurationPlatforms) = postSolution
		{8875ECD0-DB6F-4199-BDED-F21D37C52123}.Debug|Any CPU.ActiveCfg = Debug|Any CPU
		{8875ECD0-DB6F-4199-BDED-F21D37C52123}.Debug|Any CPU.Build.0 = Debug|Any CPU
		{8875ECD0-DB6F-4199-BDED-F21D37C52123}.Release|Any CPU.ActiveCfg = Release|Any CPU
		{8875ECD0-DB6F-4199-BDED-F21D37C52123}.Release|Any CPU.Build.0 = Release|Any CPU
		{5F463176-628E-4C36-9A20-EDE49494763A}.Debug|Any CPU.ActiveCfg = Debug|Any CPU
		{5F463176-628E-4C36-9A20-EDE49494763A}.Debug|Any CPU.Build.0 = Debug|Any CPU
		{5F463176-628E-4C36-9A20-EDE49494763A}.Release|Any CPU.ActiveCfg = Release|Any CPU
		{5F463176-628E-4C36-9A20-EDE49494763A}.Release|Any CPU.Build.0 = Release|Any CPU
		{F2E21DC2-CEBE-49C6-984D-F9A68C7DFD2E}.Debug|Any CPU.ActiveCfg = Debug|Any CPU
		{F2E21DC2-CEBE-49C6-984D-F9A68C7DFD2E}.Debug|Any CPU.Build.0 = Debug|Any CPU
		{F2E21DC2-CEBE-49C6-984D-F9A68C7DFD2E}.Release|Any CPU.ActiveCfg = Release|Any CPU
		{F2E21DC2-CEBE-49C6-984D-F9A68C7DFD2E}.Release|Any CPU.Build.0 = Release|Any CPU
	EndGlobalSection
	GlobalSection(SolutionProperties) = preSolution
		HideSolutionNode = FALSE
	EndGlobalSection
	GlobalSection(ExtensibilityGlobals) = postSolution
		SolutionGuid = {8DD4ED3E-5733-4F7B-978C-A1255D145E4B}
	EndGlobalSection
EndGlobal
